{
  "lockfile_version": "1",
  "packages": {
    "github:NixOS/nixpkgs/nixpkgs-unstable": {
      "last_modified": "2026-01-25T08:36:19Z",
      "resolved": "github:NixOS/nixpkgs/48698d12cc10555a4f3e3222d9c669b884a49dfe?lastModified=1769330179"
    },
    "glibcLocales@latest": {
      "last_modified": "2025-12-31T03:27:36Z",
      "resolved": "github:NixOS/nixpkgs/f665af0cdb70ed27e1bd8f9fdfecaf451260fc55#glibcLocales",
      "source": "devbox-search",
      "version": "2.40-66",
      "systems": {
        "aarch64-linux": {
          "outputs": [
            {
              "name": "out",
              "path": "/nix/store/0mrra8k6h7dvs6dmq3f4ilsm0v33d01z-glibc-locales-2.40-66",
              "default": true
            }
          ],
          "store_path": "/nix/store/0mrra8k6h7dvs6dmq3f4ilsm0v33d01z-glibc-locales-2.40-66"
        },
        "x86_64-linux": {
          "outputs": [
            {
              "name": "out",
              "path": "/nix/store/wmwyf3bxrhg5ssd477dp99986wh4mzmm-glibc-locales-2.40-66",
              "default": true
            }
          ],
          "store_path": "/nix/store/wmwyf3bxrhg5ssd477dp99986wh4mzmm-glibc-locales-2.40-66"
        }
      }
    },
    "go-task@3.45.5": {
      "last_modified": "2025-12-31T03:27:36Z",
      "resolved": "github:NixOS/nixpkgs/f665af0cdb70ed27e1bd8f9fdfecaf451260fc55#go-task",
      "source": "devbox-search",
      "version": "3.45.5",
      "systems": {
        "aarch64-darwin": {
          "outputs": [
            {
              "name": "out",
              "path": "/nix/store/9ybcllfqylj7a7w42kiw9vqwd941s5lw-go-task-3.45.5",
              "default": true
            }
          ],
          "store_path": "/nix/store/9ybcllfqylj7a7w42kiw9vqwd941s5lw-go-task-3.45.5"
        },
        "aarch64-linux": {
          "outputs": [
            {
              "name": "out",
              "path": "/nix/store/xiyrhd65ya9ynf3mrvb9kfg00x7nf1m6-go-task-3.45.5",
              "default": true
            }
          ],
          "store_path": "/nix/store/xiyrhd65ya9ynf3mrvb9kfg00x7nf1m6-go-task-3.45.5"
        },
        "x86_64-darwin": {
          "outputs": [
            {
              "name": "out",
              "path": "/nix/store/znxnsk6k9ar637pi2dimrxmijqq0lf0b-go-task-3.45.5",
              "default": true
            }
          ],
          "store_path": "/nix/store/znxnsk6k9ar637pi2dimrxmijqq0lf0b-go-task-3.45.5"
        },
        "x86_64-linux": {
          "outputs": [
            {
              "name": "out",
              "path": "/nix/store/w2hq0and0k2v1l4fbfsa6r4sadvixhsg-go-task-3.45.5",
              "default": true
            }
          ],
          "store_path": "/nix/store/w2hq0and0k2v1l4fbfsa6r4sadvixhsg-go-task-3.45.5"
        }
      }
    },
    "go@1.25": {
      "last_modified": "2025-12-31T03:27:36Z",
      "resolved": "github:NixOS/nixpkgs/f665af0cdb70ed27e1bd8f9fdfecaf451260fc55#go",
      "source": "devbox-search",
      "version": "1.25.5",
      "systems": {
        "aarch64-darwin": {
          "outputs": [
            {
              "name": "out",
              "path": "/nix/store/fy2aq0rg6vbiyjfdpqy3429hqsan7iwm-go-1.25.5",
              "default": true
            }
          ],
          "store_path": "/nix/store/fy2aq0rg6vbiyjfdpqy3429hqsan7iwm-go-1.25.5"
        },
        "aarch64-linux": {
          "outputs": [
            {
              "name": "out",
              "path": "/nix/store/30d96229dgrh6n6bmd4hn9r1hcngj9bn-go-1.25.5",
              "default": true
            }
          ],
          "store_path": "/nix/store/30d96229dgrh6n6bmd4hn9r1hcngj9bn-go-1.25.5"
        },
        "x86_64-darwin": {
          "outputs": [
            {
              "name": "out",
              "path": "/nix/store/wzakp2xy6if4n2b4fb1fkdjwilwlpifk-go-1.25.5",
              "default": true
            }
          ],
          "store_path": "/nix/store/wzakp2xy6if4n2b4fb1fkdjwilwlpifk-go-1.25.5"
        },
        "x86_64-linux": {
          "outputs": [
            {
              "name": "out",
              "path": "/nix/store/60z37432vmgkg54krwr1z057bqwp7583-go-1.25.5",
              "default": true
            }
          ],
          "store_path": "/nix/store/60z37432vmgkg54krwr1z057bqwp7583-go-1.25.5"
        }
      }
    },
    "goimports@2021-01-13": {
      "last_modified": "2022-02-15T04:21:50Z",
      "resolved": "github:NixOS/nixpkgs/3a641defd170a4ef25ce8c7c64cb13f91f867fca#goimports",
      "source": "devbox-search",
      "version": "2021-01-13",
      "systems": {
        "x86_64-linux": {
          "outputs": [
            {
              "name": "01-13",
              "path": "/nix/store/6fs2waydlsszzamlmf533zxivd28szy2-gotools-unstable-2021-01-13",
              "default": true
            }
          ]
        }
      }
    },
    "golangci-lint@2.8.0": {
      "last_modified": "2026-01-09T13:41:53Z",
      "resolved": "github:NixOS/nixpkgs/5f02c91314c8ba4afe83b256b023756412218535#golangci-lint",
      "source": "devbox-search",
      "version": "2.8.0",
      "systems": {
        "aarch64-darwin": {
          "outputs": [
            {
              "name": "out",
              "path": "/nix/store/b9iv68qcms160wlni9xn56s81cvqksgf-golangci-lint-2.8.0",
              "default": true
            }
          ],
          "store_path": "/nix/store/b9iv68qcms160wlni9xn56s81cvqksgf-golangci-lint-2.8.0"
        },
        "aarch64-linux": {
          "outputs": [
            {
              "name": "out",
              "path": "/nix/store/1yzy8ajvs3wj009j7al87hm6n0zwjd40-golangci-lint-2.8.0",
              "default": true
            }
          ],
          "store_path": "/nix/store/1yzy8ajvs3wj009j7al87hm6n0zwjd40-golangci-lint-2.8.0"
        },
        "x86_64-darwin": {
          "outputs": [
            {
              "name": "out",
              "path": "/nix/store/k17d2y5alkdd3p03haik3a3ksfaxh1fj-golangci-lint-2.8.0",
              "default": true
            }
          ],
          "store_path": "/nix/store/k17d2y5alkdd3p03haik3a3ksfaxh1fj-golangci-lint-2.8.0"
        },
        "x86_64-linux": {
          "outputs": [
            {
              "name": "out",
              "path": "/nix/store/643gpb6qyxjl9lcrfr8gvfck2rj9zabd-golangci-lint-2.8.0",
              "default": true
            }
          ],
          "store_path": "/nix/store/643gpb6qyxjl9lcrfr8gvfck2rj9zabd-golangci-lint-2.8.0"
        }
      }
    },
    "nodejs@25.5.0": {
      "last_modified": "2026-01-27T15:18:14Z",
      "plugin_version": "0.0.2",
      "resolved": "github:NixOS/nixpkgs/afce96367b2e37fc29afb5543573cd49db3357b7#nodejs_25",
      "source": "devbox-search",
      "version": "25.5.0",
      "systems": {
        "aarch64-darwin": {
          "outputs": [
            {
              "name": "out",
              "path": "/nix/store/9gpwf6cqzmk6d8d04hvfcfb596c0qm7g-nodejs-25.5.0",
              "default": true
            },
            {
              "name": "dev",
              "path": "/nix/store/cvs1r525x8dywwmky594810j27fbhh9l-nodejs-25.5.0-dev"
            },
            {
              "name": "libv8",
              "path": "/nix/store/72kv2hs42wcamk3lrxrkyyfwxdhcvxpg-nodejs-25.5.0-libv8"
            }
          ],
          "store_path": "/nix/store/9gpwf6cqzmk6d8d04hvfcfb596c0qm7g-nodejs-25.5.0"
        },
        "aarch64-linux": {
          "outputs": [
            {
              "name": "out",
              "path": "/nix/store/5cx27zv2phy99xrvmryniwp28gz8nac3-nodejs-25.5.0",
              "default": true
            },
            {
              "name": "dev",
              "path": "/nix/store/60zqg91kyj07wl5h6ii4wg1gpr6kddhk-nodejs-25.5.0-dev"
            },
            {
              "name": "libv8",
              "path": "/nix/store/nngpvbb6p59r0c7ximmq3fskhq1mn8qa-nodejs-25.5.0-libv8"
            }
          ],
          "store_path": "/nix/store/5cx27zv2phy99xrvmryniwp28gz8nac3-nodejs-25.5.0"
        },
        "x86_64-darwin": {
          "outputs": [
            {
              "name": "out",
              "path": "/nix/store/nkz9f2dacg1yyr31m1av0b2awsc6akva-nodejs-25.5.0",
              "default": true
            },
            {
              "name": "dev",
              "path": "/nix/store/ssra385mmavxa4dj5wrp0z7q2pq1fkmd-nodejs-25.5.0-dev"
            },
            {
              "name": "libv8",
              "path": "/nix/store/74dzxfbsblw9d2r59k3cw0dgf5wrwsfz-nodejs-25.5.0-libv8"
            }
          ],
          "store_path": "/nix/store/nkz9f2dacg1yyr31m1av0b2awsc6akva-nodejs-25.5.0"
        },
        "x86_64-linux": {
          "outputs": [
            {
              "name": "out",
              "path": "/nix/store/b92qwjwgc2q092df0ilcjfkqf362ad7k-nodejs-25.5.0",
              "default": true
            },
            {
              "name": "dev",
              "path": "/nix/store/48dnb7kkq0qan2vikakgn6pxh7w2xar5-nodejs-25.5.0-dev"
            },
            {
              "name": "libv8",
              "path": "/nix/store/1ql92hbv6kbs3ynjhyzandv9z3z0bdrg-nodejs-25.5.0-libv8"
            }
          ],
          "store_path": "/nix/store/b92qwjwgc2q092df0ilcjfkqf362ad7k-nodejs-25.5.0"
        }
      }
    },
    "postgresql_14@14.20": {
      "last_modified": "2026-01-20T02:11:35Z",
      "plugin_version": "0.0.2",
      "resolved": "github:NixOS/nixpkgs/ed142ab1b3a092c4d149245d0c4126a5d7ea00b0#postgresql_14",
      "source": "devbox-search",
      "version": "14.20",
      "systems": {
        "aarch64-darwin": {
          "outputs": [
            {
              "name": "out",
              "path": "/nix/store/dvij33w08rjgc0yp4khbm5x4a07z94i5-postgresql-14.20",
              "default": true
            },
            {
              "name": "man",
              "path": "/nix/store/gbm00ckkhgj1l4832fydrl2kyd3006s9-postgresql-14.20-man",
              "default": true
            },
            {
              "name": "lib",
              "path": "/nix/store/dwr4zj164j6864dqn6w40gw8df34r8jl-postgresql-14.20-lib"
            },
            {
              "name": "pltcl",
              "path": "/nix/store/5fni6rgrlfrxdq1k7rh59g4pmb601v1m-postgresql-14.20-pltcl"
            },
            {
              "name": "dev",
              "path": "/nix/store/9424nqd8h6m9c79wa9z0jz0jq7b25k86-postgresql-14.20-dev"
            },
            {
              "name": "doc",
              "path": "/nix/store/lzg9k88p9cz3xifq7z3g18f5ccyic6xx-postgresql-14.20-doc"
            },
            {
              "name": "jit",
              "path": "/nix/store/lmb21pgwk75svzc2fqvs09gpaxg8bnvd-postgresql-14.20-jit"
            },
            {
              "name": "plperl",
              "path": "/nix/store/i7wf6yb4hhyyfm1mjm3f3xssi3bcxrlb-postgresql-14.20-plperl"
            },
            {
              "name": "plpython3",
              "path": "/nix/store/33rlq1vspg3fak3wpzj1crnbdys8vfbz-postgresql-14.20-plpython3"
            }
          ],
          "store_path": "/nix/store/dvij33w08rjgc0yp4khbm5x4a07z94i5-postgresql-14.20"
        },
        "aarch64-linux": {
          "outputs": [
            {
              "name": "out",
              "path": "/nix/store/igzhz6szqn8ciniwymzhc48m53w80wng-postgresql-14.20",
              "default": true
            },
            {
              "name": "man",
              "path": "/nix/store/vs1irm3ig7dmxxcjgdrgxka7j0kc1r5w-postgresql-14.20-man",
              "default": true
            },
            {
              "name": "pltcl",
              "path": "/nix/store/j9xihjncr4x6a1zk0gj9kdy75vc8p20b-postgresql-14.20-pltcl"
            },
            {
              "name": "debug",
              "path": "/nix/store/f7796zp20ci4f4nb68i2q9cxm2nf1rag-postgresql-14.20-debug"
            },
            {
              "name": "lib",
              "path": "/nix/store/ry81n7mjdr2n9k97zkr4zg42syi31hzj-postgresql-14.20-lib"
            },
            {
              "name": "plperl",
              "path": "/nix/store/d38g1i7a9ahg6s1rysfhicmg1bjd4ccs-postgresql-14.20-plperl"
            },
            {
              "name": "plpython3",
              "path": "/nix/store/czwv4ksyg143n5kyqqvacyl1bwpz1s7b-postgresql-14.20-plpython3"
            },
            {
              "name": "dev",
              "path": "/nix/store/9yqd8p73bchknldp7nf3x4r1wnzpzhx3-postgresql-14.20-dev"
            },
            {
              "name": "doc",
              "path": "/nix/store/plz1638q8pyv87nd4m3bqp04yhnqfnbf-postgresql-14.20-doc"
            },
            {
              "name": "jit",
              "path": "/nix/store/wsdbk0kxybnchh1l6rj7gfjkl0nkgb6c-postgresql-14.20-jit"
            }
          ],
          "store_path": "/nix/store/igzhz6szqn8ciniwymzhc48m53w80wng-postgresql-14.20"
        },
        "x86_64-darwin": {
          "outputs": [
            {
              "name": "out",
              "path": "/nix/store/jrwzh5vpq6jmci1pn7lyliz33qnwhd0a-postgresql-14.20",
              "default": true
            },
            {
              "name": "man",
              "path": "/nix/store/j7k0kfwhmq898vjl12zakmjw1vx6rk5v-postgresql-14.20-man",
              "default": true
            },
            {
              "name": "doc",
              "path": "/nix/store/0cb1qfkg052rkls2px99r9g0a6y0srf8-postgresql-14.20-doc"
            },
            {
              "name": "lib",
              "path": "/nix/store/qd7z1059cd08srd1vr06dlccrv9qgya6-postgresql-14.20-lib"
            },
            {
              "name": "plperl",
              "path": "/nix/store/nhqzdg11pcqrd83ir2ppd5cmyb9vi0zi-postgresql-14.20-plperl"
            },
            {
              "name": "pltcl",
              "path": "/nix/store/ldz5d713a92rsks9h1ldwy7riw10wabm-postgresql-14.20-pltcl"
            },
            {
              "name": "jit",
              "path": "/nix/store/i5cmsnr94qp4v6h9fm3gxc89vaj88aax-postgresql-14.20-jit"
            },
            {
              "name": "plpython3",
              "path": "/nix/store/q8xpcnd9isimbvj5ic8c2g7ps0zs8dhs-postgresql-14.20-plpython3"
            },
            {
              "name": "dev",
              "path": "/nix/store/8gf4mp63p1xwjm45lyzknn00a4cha3zq-postgresql-14.20-dev"
            }
          ],
          "store_path": "/nix/store/jrwzh5vpq6jmci1pn7lyliz33qnwhd0a-postgresql-14.20"
        },
        "x86_64-linux": {
          "outputs": [
            {
              "name": "out",
              "path": "/nix/store/a6y5icfn5yngcz02w5ixsapwglzmdgyj-postgresql-14.20",
              "default": true
            },
            {
              "name": "man",
              "path": "/nix/store/ij96pxbiqqph46fa9wqxcklh2q521bv7-postgresql-14.20-man",
              "default": true
            },
            {
              "name": "debug",
              "path": "/nix/store/xr5l2bj57xis0ghzzm366aq0sl35sfnp-postgresql-14.20-debug"
            },
            {
              "name": "dev",
              "path": "/nix/store/nsl91cpaxxkhqiphyj50lb4rwcwky74s-postgresql-14.20-dev"
            },
            {
              "name": "lib",
              "path": "/nix/store/a2rj3i1s2v3lc1g4qkg1012mr08zmxbp-postgresql-14.20-lib"
            },
            {
              "name": "plperl",
              "path": "/nix/store/f5vrskpl73wgil3d1rg938l8p5mpqnc8-postgresql-14.20-plperl"
            },
            {
              "name": "doc",
              "path": "/nix/store/y9nqk3ri0gm1y6l7k3bwmvgjzrvhzzwy-postgresql-14.20-doc"
            },
            {
              "name": "jit",
              "path": "/nix/store/ziidgr46jydkphh8ldp3yyfblnh3cbb3-postgresql-14.20-jit"
            },
            {
              "name": "plpython3",
              "path": "/nix/store/cqpgxcm08i1zyv3ysm8d37nwl8lp59sb-postgresql-14.20-plpython3"
            },
            {
              "name": "pltcl",
              "path": "/nix/store/ki2ia09rf1qa587lgsg8x8d0kb1dxc4j-postgresql-14.20-pltcl"
            }
          ],
          "store_path": "/nix/store/a6y5icfn5yngcz02w5ixsapwglzmdgyj-postgresql-14.20"
        }
      }
    },
    "sqlc@1.30.0": {
      "last_modified": "2025-12-31T03:27:36Z",
      "resolved": "github:NixOS/nixpkgs/f665af0cdb70ed27e1bd8f9fdfecaf451260fc55#sqlc",
      "source": "devbox-search",
      "version": "1.30.0",
      "systems": {
        "aarch64-darwin": {
          "outputs": [
            {
              "name": "out",
              "path": "/nix/store/bgi2dm7pqr1j3jjcl864vplry14qi6qx-sqlc-1.30.0",
              "default": true
            }
          ],
          "store_path": "/nix/store/bgi2dm7pqr1j3jjcl864vplry14qi6qx-sqlc-1.30.0"
        },
        "aarch64-linux": {
          "outputs": [
            {
              "name": "out",
              "path": "/nix/store/mdnfaiqdwyr5c2x8958dfcx7ass4cqvk-sqlc-1.30.0",
              "default": true
            }
          ],
          "store_path": "/nix/store/mdnfaiqdwyr5c2x8958dfcx7ass4cqvk-sqlc-1.30.0"
        },
        "x86_64-darwin": {
          "outputs": [
            {
              "name": "out",
              "path": "/nix/store/47q19hwdrv684lgiv1h1a3vi733gc3z6-sqlc-1.30.0",
              "default": true
            }
          ],
          "store_path": "/nix/store/47q19hwdrv684lgiv1h1a3vi733gc3z6-sqlc-1.30.0"
        },
        "x86_64-linux": {
          "outputs": [
            {
              "name": "out",
              "path": "/nix/store/flvdry2sznmmc309hc476id02qv1rpcb-sqlc-1.30.0",
              "default": true
            }
          ],
          "store_path": "/nix/store/flvdry2sznmmc309hc476id02qv1rpcb-sqlc-1.30.0"
        }
      }
    }
  }
}
