{
  "lockfile_version": "1",
  "packages": {
    "github:NixOS/nixpkgs/nixpkgs-unstable": {
      "last_modified": "2026-01-30T02:32:49Z",
      "resolved": "github:NixOS/nixpkgs/6308c3b21396534d8aaeac46179c14c439a89b8a?lastModified=1769740369&narHash=sha256-xKPyJoMoXfXpDM5DFDZDsi9PHArf2k5BJjvReYXoFpM%3D"
    },
    "glibcLocales@latest": {
      "last_modified": "2026-01-23T17:20:52Z",
      "resolved": "github:NixOS/nixpkgs/a1bab9e494f5f4939442a57a58d0449a109593fe#glibcLocales",
      "source": "devbox-search",
      "version": "2.42-47",
      "systems": {
        "aarch64-linux": {
          "outputs": [
            {
              "name": "out",
              "path": "/nix/store/j6314ihrwj50rb1w357lfkz4v8syrq7p-glibc-locales-2.42-47",
              "default": true
            }
          ],
          "store_path": "/nix/store/j6314ihrwj50rb1w357lfkz4v8syrq7p-glibc-locales-2.42-47"
        },
        "x86_64-linux": {
          "outputs": [
            {
              "name": "out",
              "path": "/nix/store/9whrn8kh4r39pf52zlbn7vim0s74qi19-glibc-locales-2.42-47",
              "default": true
            }
          ],
          "store_path": "/nix/store/9whrn8kh4r39pf52zlbn7vim0s74qi19-glibc-locales-2.42-47"
        }
      }
    },
    "go-task@3.45.5": {
      "last_modified": "2026-01-23T17:20:52Z",
      "resolved": "github:NixOS/nixpkgs/a1bab9e494f5f4939442a57a58d0449a109593fe#go-task",
      "source": "devbox-search",
      "version": "3.45.5",
      "systems": {
        "aarch64-darwin": {
          "outputs": [
            {
              "name": "out",
              "path": "/nix/store/siijbf12pnf32gx7mjixfbv9388h2wrl-go-task-3.45.5",
              "default": true
            }
          ],
          "store_path": "/nix/store/siijbf12pnf32gx7mjixfbv9388h2wrl-go-task-3.45.5"
        },
        "aarch64-linux": {
          "outputs": [
            {
              "name": "out",
              "path": "/nix/store/bz644gcz6r6z0ih6r7njxj9disqzf1z6-go-task-3.45.5",
              "default": true
            }
          ],
          "store_path": "/nix/store/bz644gcz6r6z0ih6r7njxj9disqzf1z6-go-task-3.45.5"
        },
        "x86_64-darwin": {
          "outputs": [
            {
              "name": "out",
              "path": "/nix/store/qb65b2d47v84cj48ldppv2mwnqkla52z-go-task-3.45.5",
              "default": true
            }
          ],
          "store_path": "/nix/store/qb65b2d47v84cj48ldppv2mwnqkla52z-go-task-3.45.5"
        },
        "x86_64-linux": {
          "outputs": [
            {
              "name": "out",
              "path": "/nix/store/hwhz6lp5y525yf4jr92q83n2y4swapby-go-task-3.45.5",
              "default": true
            }
          ],
          "store_path": "/nix/store/hwhz6lp5y525yf4jr92q83n2y4swapby-go-task-3.45.5"
        }
      }
    },
    "go@1.25": {
      "last_modified": "2026-01-23T17:20:52Z",
      "resolved": "github:NixOS/nixpkgs/a1bab9e494f5f4939442a57a58d0449a109593fe#go",
      "source": "devbox-search",
      "version": "1.25.5",
      "systems": {
        "aarch64-darwin": {
          "outputs": [
            {
              "name": "out",
              "path": "/nix/store/wh88zz6r1ihcp2mm7ys1f2anp8aga6n2-go-1.25.5",
              "default": true
            }
          ],
          "store_path": "/nix/store/wh88zz6r1ihcp2mm7ys1f2anp8aga6n2-go-1.25.5"
        },
        "aarch64-linux": {
          "outputs": [
            {
              "name": "out",
              "path": "/nix/store/k3knzdi0v21bf2m7vcxpdy1jnqg1h0zk-go-1.25.5",
              "default": true
            }
          ],
          "store_path": "/nix/store/k3knzdi0v21bf2m7vcxpdy1jnqg1h0zk-go-1.25.5"
        },
        "x86_64-darwin": {
          "outputs": [
            {
              "name": "out",
              "path": "/nix/store/bwdahzajhqd5x14dbvkqww5f1wpsxif3-go-1.25.5",
              "default": true
            }
          ],
          "store_path": "/nix/store/bwdahzajhqd5x14dbvkqww5f1wpsxif3-go-1.25.5"
        },
        "x86_64-linux": {
          "outputs": [
            {
              "name": "out",
              "path": "/nix/store/zzvsjgylnphvhms3lgr2qlwdxmc68z66-go-1.25.5",
              "default": true
            }
          ],
          "store_path": "/nix/store/zzvsjgylnphvhms3lgr2qlwdxmc68z66-go-1.25.5"
        }
      }
    },
    "goimports@2021-01-13": {
      "last_modified": "2022-02-15T04:21:50Z",
      "resolved": "github:NixOS/nixpkgs/3a641defd170a4ef25ce8c7c64cb13f91f867fca#goimports",
      "source": "devbox-search",
      "version": "2021-01-13",
      "systems": {
        "x86_64-linux": {
          "outputs": [
            {
              "name": "01-13",
              "path": "/nix/store/6fs2waydlsszzamlmf533zxivd28szy2-gotools-unstable-2021-01-13",
              "default": true
            }
          ]
        }
      }
    },
    "golangci-lint@2.8.0": {
      "last_modified": "2026-01-23T17:20:52Z",
      "resolved": "github:NixOS/nixpkgs/a1bab9e494f5f4939442a57a58d0449a109593fe#golangci-lint",
      "source": "devbox-search",
      "version": "2.8.0",
      "systems": {
        "aarch64-darwin": {
          "outputs": [
            {
              "name": "out",
              "path": "/nix/store/ci7qq9jsgk0v1f0pzs7kb0v9rk5zwyck-golangci-lint-2.8.0",
              "default": true
            }
          ],
          "store_path": "/nix/store/ci7qq9jsgk0v1f0pzs7kb0v9rk5zwyck-golangci-lint-2.8.0"
        },
        "aarch64-linux": {
          "outputs": [
            {
              "name": "out",
              "path": "/nix/store/ly2sk4i2qj8gfb0l7m5sxvyv7c8rn273-golangci-lint-2.8.0",
              "default": true
            }
          ],
          "store_path": "/nix/store/ly2sk4i2qj8gfb0l7m5sxvyv7c8rn273-golangci-lint-2.8.0"
        },
        "x86_64-darwin": {
          "outputs": [
            {
              "name": "out",
              "path": "/nix/store/r1m8175dhby0agi1r43ic2scrphsjnlb-golangci-lint-2.8.0",
              "default": true
            }
          ],
          "store_path": "/nix/store/r1m8175dhby0agi1r43ic2scrphsjnlb-golangci-lint-2.8.0"
        },
        "x86_64-linux": {
          "outputs": [
            {
              "name": "out",
              "path": "/nix/store/kj9ibnlg1p3macpcw8lm4rhpcwgfjal1-golangci-lint-2.8.0",
              "default": true
            }
          ],
          "store_path": "/nix/store/kj9ibnlg1p3macpcw8lm4rhpcwgfjal1-golangci-lint-2.8.0"
        }
      }
    },
    "nodejs@25.5.0": {
      "last_modified": "2026-01-27T15:18:14Z",
      "plugin_version": "0.0.2",
      "resolved": "github:NixOS/nixpkgs/afce96367b2e37fc29afb5543573cd49db3357b7#nodejs_25",
      "source": "devbox-search",
      "version": "25.5.0",
      "systems": {
        "aarch64-darwin": {
          "outputs": [
            {
              "name": "out",
              "path": "/nix/store/9gpwf6cqzmk6d8d04hvfcfb596c0qm7g-nodejs-25.5.0",
              "default": true
            },
            {
              "name": "dev",
              "path": "/nix/store/cvs1r525x8dywwmky594810j27fbhh9l-nodejs-25.5.0-dev"
            },
            {
              "name": "libv8",
              "path": "/nix/store/72kv2hs42wcamk3lrxrkyyfwxdhcvxpg-nodejs-25.5.0-libv8"
            }
          ],
          "store_path": "/nix/store/9gpwf6cqzmk6d8d04hvfcfb596c0qm7g-nodejs-25.5.0"
        },
        "aarch64-linux": {
          "outputs": [
            {
              "name": "out",
              "path": "/nix/store/5cx27zv2phy99xrvmryniwp28gz8nac3-nodejs-25.5.0",
              "default": true
            },
            {
              "name": "dev",
              "path": "/nix/store/60zqg91kyj07wl5h6ii4wg1gpr6kddhk-nodejs-25.5.0-dev"
            },
            {
              "name": "libv8",
              "path": "/nix/store/nngpvbb6p59r0c7ximmq3fskhq1mn8qa-nodejs-25.5.0-libv8"
            }
          ],
          "store_path": "/nix/store/5cx27zv2phy99xrvmryniwp28gz8nac3-nodejs-25.5.0"
        },
        "x86_64-darwin": {
          "outputs": [
            {
              "name": "out",
              "path": "/nix/store/nkz9f2dacg1yyr31m1av0b2awsc6akva-nodejs-25.5.0",
              "default": true
            },
            {
              "name": "dev",
              "path": "/nix/store/ssra385mmavxa4dj5wrp0z7q2pq1fkmd-nodejs-25.5.0-dev"
            },
            {
              "name": "libv8",
              "path": "/nix/store/74dzxfbsblw9d2r59k3cw0dgf5wrwsfz-nodejs-25.5.0-libv8"
            }
          ],
          "store_path": "/nix/store/nkz9f2dacg1yyr31m1av0b2awsc6akva-nodejs-25.5.0"
        },
        "x86_64-linux": {
          "outputs": [
            {
              "name": "out",
              "path": "/nix/store/b92qwjwgc2q092df0ilcjfkqf362ad7k-nodejs-25.5.0",
              "default": true
            },
            {
              "name": "dev",
              "path": "/nix/store/48dnb7kkq0qan2vikakgn6pxh7w2xar5-nodejs-25.5.0-dev"
            },
            {
              "name": "libv8",
              "path": "/nix/store/1ql92hbv6kbs3ynjhyzandv9z3z0bdrg-nodejs-25.5.0-libv8"
            }
          ],
          "store_path": "/nix/store/b92qwjwgc2q092df0ilcjfkqf362ad7k-nodejs-25.5.0"
        }
      }
    },
    "postgresql_14@14.20": {
      "last_modified": "2026-01-30T02:32:49Z",
      "plugin_version": "0.0.2",
      "resolved": "github:NixOS/nixpkgs/6308c3b21396534d8aaeac46179c14c439a89b8a#postgresql_14",
      "source": "devbox-search",
      "version": "14.20",
      "systems": {
        "aarch64-darwin": {
          "outputs": [
            {
              "name": "out",
              "path": "/nix/store/x5sg2fihz63jfcn9sa9yba16ljsqgqrx-postgresql-14.20",
              "default": true
            },
            {
              "name": "man",
              "path": "/nix/store/mn3dyx8384abf8ay69wzcwb9ygw5cmgl-postgresql-14.20-man",
              "default": true
            },
            {
              "name": "dev",
              "path": "/nix/store/d86s5wsphplhgxwiapcw3dmhzqakain4-postgresql-14.20-dev"
            },
            {
              "name": "jit",
              "path": "/nix/store/fszphpmmxxqzd40asrxpxnkvw13d2362-postgresql-14.20-jit"
            },
            {
              "name": "plperl",
              "path": "/nix/store/9rpsfw7c3d7fgyma540fm9x6pcl2fvfx-postgresql-14.20-plperl"
            },
            {
              "name": "plpython3",
              "path": "/nix/store/07mcisl5xnbqalhkid4zvs8r3q713v25-postgresql-14.20-plpython3"
            },
            {
              "name": "pltcl",
              "path": "/nix/store/ils9425wsyf017hddghraybdxiq1y6h5-postgresql-14.20-pltcl"
            },
            {
              "name": "doc",
              "path": "/nix/store/wpr19ppagv1zd6ql5n5lgbz09vdqyhii-postgresql-14.20-doc"
            },
            {
              "name": "lib",
              "path": "/nix/store/53g2hjiqivilczqvzq9njq40q0rpxb13-postgresql-14.20-lib"
            }
          ],
          "store_path": "/nix/store/x5sg2fihz63jfcn9sa9yba16ljsqgqrx-postgresql-14.20"
        },
        "aarch64-linux": {
          "outputs": [
            {
              "name": "out",
              "path": "/nix/store/55cfxddgs5b7n67r2rdngqgi02biqn8j-postgresql-14.20",
              "default": true
            },
            {
              "name": "man",
              "path": "/nix/store/i6cyk9rr7br3ydbi3rcfn6f5bjhrxv56-postgresql-14.20-man",
              "default": true
            },
            {
              "name": "jit",
              "path": "/nix/store/341qjdf6n8l89m397kyf33is1gpbslv4-postgresql-14.20-jit"
            },
            {
              "name": "plperl",
              "path": "/nix/store/s4wb9ffm3ka4hvg477nflyp9z5n78l8k-postgresql-14.20-plperl"
            },
            {
              "name": "pltcl",
              "path": "/nix/store/8vcnjcmr4sr0dy4949ny10lcj0mn9z6n-postgresql-14.20-pltcl"
            },
            {
              "name": "dev",
              "path": "/nix/store/382hciw1pzqlgmdbn4p933s17ls10al2-postgresql-14.20-dev"
            },
            {
              "name": "doc",
              "path": "/nix/store/gjdcprj4x095q696b4hwz51mrdfc8vmf-postgresql-14.20-doc"
            },
            {
              "name": "lib",
              "path": "/nix/store/8mmmwx5j43s742h69mr226cxakmyjdsh-postgresql-14.20-lib"
            },
            {
              "name": "plpython3",
              "path": "/nix/store/p782fk83k87vb7r82xjhrpni6sq6yb10-postgresql-14.20-plpython3"
            },
            {
              "name": "debug",
              "path": "/nix/store/dbqrfmdlyaqicml6ax2fn06vhzvwfqdl-postgresql-14.20-debug"
            }
          ],
          "store_path": "/nix/store/55cfxddgs5b7n67r2rdngqgi02biqn8j-postgresql-14.20"
        },
        "x86_64-darwin": {
          "outputs": [
            {
              "name": "out",
              "path": "/nix/store/32imj61apjwjwf3sdwz3xxnfknlvpgx6-postgresql-14.20",
              "default": true
            },
            {
              "name": "man",
              "path": "/nix/store/jw169w3p1h6n5kjvim2f0hznm73i9zm0-postgresql-14.20-man",
              "default": true
            },
            {
              "name": "doc",
              "path": "/nix/store/5s30h5jhfha60di7h3rpirx5gvfjgb9b-postgresql-14.20-doc"
            },
            {
              "name": "jit",
              "path": "/nix/store/385pcmybbvyla8qvrsln9knqfr17bszc-postgresql-14.20-jit"
            },
            {
              "name": "lib",
              "path": "/nix/store/8lx1b8la7h38ygbaypzpqwsh8091mslf-postgresql-14.20-lib"
            },
            {
              "name": "plpython3",
              "path": "/nix/store/1bsrn4zhf8q2xskahb10jkwn5w0y7w0d-postgresql-14.20-plpython3"
            },
            {
              "name": "dev",
              "path": "/nix/store/myql2x0pasmrib1dvkkjac8fif66d9b0-postgresql-14.20-dev"
            },
            {
              "name": "plperl",
              "path": "/nix/store/43l4d0aa25961d4x1nmbr5aph3qg9w9l-postgresql-14.20-plperl"
            },
            {
              "name": "pltcl",
              "path": "/nix/store/4hvz9fvpxr5cxd7ikvsilvsic8f3qby4-postgresql-14.20-pltcl"
            }
          ],
          "store_path": "/nix/store/32imj61apjwjwf3sdwz3xxnfknlvpgx6-postgresql-14.20"
        },
        "x86_64-linux": {
          "outputs": [
            {
              "name": "out",
              "path": "/nix/store/4mibxx064aw893k55hpdd7clxa4fx9hr-postgresql-14.20",
              "default": true
            },
            {
              "name": "man",
              "path": "/nix/store/bgrysh7i112jixqcrs3d6sxxd7sw73hd-postgresql-14.20-man",
              "default": true
            },
            {
              "name": "dev",
              "path": "/nix/store/6zw75hx4smklf3c7lz2fmvwwd5azspcf-postgresql-14.20-dev"
            },
            {
              "name": "lib",
              "path": "/nix/store/bxl5q5dk394zmp6dvqhcgii4ial8dc98-postgresql-14.20-lib"
            },
            {
              "name": "plperl",
              "path": "/nix/store/953q8brws3fj099vr9g9kgavylhfya2j-postgresql-14.20-plperl"
            },
            {
              "name": "plpython3",
              "path": "/nix/store/cy9lf0mng2mldnm3lay6djw5s20cdlp8-postgresql-14.20-plpython3"
            },
            {
              "name": "pltcl",
              "path": "/nix/store/69m54i8wigcr2ch4cs206c7yifsyzsv2-postgresql-14.20-pltcl"
            },
            {
              "name": "debug",
              "path": "/nix/store/r70idldwxr4scxjhbsb7kmasd13yd4md-postgresql-14.20-debug"
            },
            {
              "name": "doc",
              "path": "/nix/store/by6p202ygg8y2bfa7rbvmf5pv059jqsy-postgresql-14.20-doc"
            },
            {
              "name": "jit",
              "path": "/nix/store/9nsqga39r0nrqhfnnp5g0d9c0n1vl2f4-postgresql-14.20-jit"
            }
          ],
          "store_path": "/nix/store/4mibxx064aw893k55hpdd7clxa4fx9hr-postgresql-14.20"
        }
      }
    },
    "sqlc@1.30.0": {
      "last_modified": "2026-01-23T17:20:52Z",
      "resolved": "github:NixOS/nixpkgs/a1bab9e494f5f4939442a57a58d0449a109593fe#sqlc",
      "source": "devbox-search",
      "version": "1.30.0",
      "systems": {
        "aarch64-darwin": {
          "outputs": [
            {
              "name": "out",
              "path": "/nix/store/qgjcidsrjy1mslwxnqhwhs5gy8xm3snp-sqlc-1.30.0",
              "default": true
            }
          ],
          "store_path": "/nix/store/qgjcidsrjy1mslwxnqhwhs5gy8xm3snp-sqlc-1.30.0"
        },
        "aarch64-linux": {
          "outputs": [
            {
              "name": "out",
              "path": "/nix/store/7vsd22njzj81y27cqzc3d2sd828xh8xj-sqlc-1.30.0",
              "default": true
            }
          ],
          "store_path": "/nix/store/7vsd22njzj81y27cqzc3d2sd828xh8xj-sqlc-1.30.0"
        },
        "x86_64-darwin": {
          "outputs": [
            {
              "name": "out",
              "path": "/nix/store/ra8x4wa0qcf07hf8rf2ajic3rw2rqnr1-sqlc-1.30.0",
              "default": true
            }
          ],
          "store_path": "/nix/store/ra8x4wa0qcf07hf8rf2ajic3rw2rqnr1-sqlc-1.30.0"
        },
        "x86_64-linux": {
          "outputs": [
            {
              "name": "out",
              "path": "/nix/store/pq02xbrf1992631zlynbki21amyv5agb-sqlc-1.30.0",
              "default": true
            }
          ],
          "store_path": "/nix/store/pq02xbrf1992631zlynbki21amyv5agb-sqlc-1.30.0"
        }
      }
    }
  }
}
